
Microsoft Visual Studio Solution File, Format Version 12.00
# Visual Studio 15
VisualStudioVersion = 15.0.27130.2020
MinimumVisualStudioVersion = 10.0.40219.1
Project("{FAE04EC0-301F-11D3-BF4B-00C04F79EFBC}") = "TorOverTcp", "TorOverTcp\TorOverTcp.csproj", "{5C3AADA0-5F13-4074-A48C-10ECFCE03843}"
EndProject
Global
	GlobalSection(SolutionConfigurationPlatforms) = preSolution
		Debug|Any CPU = Debug|Any CPU
		Release|Any CPU = Release|Any CPU
	EndGlobalSection
	GlobalSection(ProjectConfigurationPlatforms) = postSolution
		{5C3AADA0-5F13-4074-A48C-10ECFCE03843}.Debug|Any CPU.ActiveCfg = Debug|Any CPU
		{5C3AADA0-5F13-4074-A48C-10ECFCE03843}.Debug|Any CPU.Build.0 = Debug|Any CPU
		{5C3AADA0-5F13-4074-A48C-10ECFCE03843}.Release|Any CPU.ActiveCfg = Release|Any CPU
		{5C3AADA0-5F13-4074-A48C-10ECFCE03843}.Release|Any CPU.Build.0 = Release|Any CPU
	EndGlobalSection
	GlobalSection(SolutionProperties) = preSolution
		HideSolutionNode = FALSE
	EndGlobalSection
	GlobalSection(ExtensibilityGlobals) = postSolution
		SolutionGuid = {715E1078-142C-4614-9B98-B43E1D92E664}
	EndGlobalSection
EndGlobal
